
Microsoft Visual Studio Solution File, Format Version 12.00
# Visual Studio Version 17
VisualStudioVersion = 17.8.34309.116
MinimumVisualStudioVersion = 10.0.40219.1
Project("{FAE04EC0-301F-11D3-BF4B-00C04F79EFBC}") = "StarScape", "StarScape\StarScape.csproj", "{27CB4E49-D9E6-4597-AAEA-0ED096F9CC20}"
EndProject
Global
	GlobalSection(SolutionConfigurationPlatforms) = preSolution
		Debug|Any CPU = Debug|Any CPU
		Release|Any CPU = Release|Any CPU
	EndGlobalSection
	GlobalSection(ProjectConfigurationPlatforms) = postSolution
		{27CB4E49-D9E6-4597-AAEA-0ED096F9CC20}.Debug|Any CPU.ActiveCfg = Debug|Any CPU
		{27CB4E49-D9E6-4597-AAEA-0ED096F9CC20}.Debug|Any CPU.Build.0 = Debug|Any CPU
		{27CB4E49-D9E6-4597-AAEA-0ED096F9CC20}.Release|Any CPU.ActiveCfg = Release|Any CPU
		{27CB4E49-D9E6-4597-AAEA-0ED096F9CC20}.Release|Any CPU.Build.0 = Release|Any CPU
	EndGlobalSection
	GlobalSection(SolutionProperties) = preSolution
		HideSolutionNode = FALSE
	EndGlobalSection
	GlobalSection(ExtensibilityGlobals) = postSolution
		SolutionGuid = {E6BCF1CF-6046-4797-9520-EEBAA1EDE163}
	EndGlobalSection
EndGlobal
